{
  "object": {
    "pins": [
      {
        "package": "CombineExt",
        "repositoryURL": "https://github.com/CombineCommunity/CombineExt.git",
        "state": {
          "branch": null,
          "revision": "d7b896fa9ca8b47fa7bcde6b43ef9b70bf8c1f56",
          "version": "1.8.1"
        }
      },
      {
        "package": "CryptoSwift",
        "repositoryURL": "https://github.com/krzyzanowskim/CryptoSwift",
        "state": {
          "branch": null,
          "revision": "32f641cf24fc7abc1c591a2025e9f2f572648b0f",
          "version": "1.7.2"
        }
      },
      {
        "package": "Difference",
        "repositoryURL": "https://github.com/krzysztofzablocki/Difference.git",
        "state": {
          "branch": null,
          "revision": "f627d00718033c3d7888acd5f4e3524a843db1cf",
          "version": "1.0.2"
        }
      },
      {
        "package": "NordicMesh",
        "repositoryURL": "https://github.com/YUKAI/IOS-nRF-Mesh-Library",
        "state": {
          "branch": "main",
          "revision": "0c734e7fc61a248038d3bef509c3d325bf600fef",
          "version": null
        }
      },
      {
        "package": "JGProgressHUD",
        "repositoryURL": "https://github.com/JonasGessner/JGProgressHUD.git",
        "state": {
          "branch": null,
          "revision": "78d7cd35f1d90ff74fd82e486f2cbe4b24be8cf9",
          "version": "2.2.0"
        }
      }
    ]
  },
  "version": 1
}
